
Microsoft Visual Studio Solution File, Format Version 11.00
# Visual Studio 2010
Project("{FAE04EC0-301F-11D3-BF4B-00C04F79EFBC}") = "Assembly-CSharp", "Assembly-CSharp.csproj", "{22966b30-7464-190d-83d7-b08f35872b12}"
EndProject
Project("{FAE04EC0-301F-11D3-BF4B-00C04F79EFBC}") = "FangAutoTile.Editor", "FangAutoTile.Editor.csproj", "{0389a0b6-ce02-9978-f8f9-b332ee145244}"
EndProject
Project("{FAE04EC0-301F-11D3-BF4B-00C04F79EFBC}") = "FangAutoTile", "FangAutoTile.csproj", "{66d9c670-53ba-bfaa-ecc0-ee1c474d38ae}"
EndProject
Global
	GlobalSection(SolutionConfigurationPlatforms) = preSolution
		Debug|Any CPU = Debug|Any CPU
	EndGlobalSection
	GlobalSection(ProjectConfigurationPlatforms) = postSolution
		{22966b30-7464-190d-83d7-b08f35872b12}.Debug|Any CPU.ActiveCfg = Debug|Any CPU
		{22966b30-7464-190d-83d7-b08f35872b12}.Debug|Any CPU.Build.0 = Debug|Any CPU
		{0389a0b6-ce02-9978-f8f9-b332ee145244}.Debug|Any CPU.ActiveCfg = Debug|Any CPU
		{0389a0b6-ce02-9978-f8f9-b332ee145244}.Debug|Any CPU.Build.0 = Debug|Any CPU
		{66d9c670-53ba-bfaa-ecc0-ee1c474d38ae}.Debug|Any CPU.ActiveCfg = Debug|Any CPU
		{66d9c670-53ba-bfaa-ecc0-ee1c474d38ae}.Debug|Any CPU.Build.0 = Debug|Any CPU
	EndGlobalSection
	GlobalSection(SolutionProperties) = preSolution
		HideSolutionNode = FALSE
	EndGlobalSection
EndGlobal
